
Microsoft Visual Studio Solution File, Format Version 12.00
# Visual Studio 15
VisualStudioVersion = 15.0.27703.2018
MinimumVisualStudioVersion = 10.0.40219.1
Project("{8BC9CEB8-8B4A-11D0-8D11-00A0C91BC942}") = "xlive", "xlive\Project_Cartographer.vcxproj", "{DC9655D6-D9C0-4837-8A63-B0693EEED4E8}"
	ProjectSection(ProjectDependencies) = postProject
		{39E6AF97-6BA3-4A72-8C61-BCEBF214EBFD} = {39E6AF97-6BA3-4A72-8C61-BCEBF214EBFD}
	EndProjectSection
EndProject
Project("{8BC9CEB8-8B4A-11D0-8D11-00A0C91BC942}") = "angelscript", "xlive\3rdparty\angelscript\angelscript\projects\msvc2015\angelscript.vcxproj", "{39E6AF97-6BA3-4A72-8C61-BCEBF214EBFD}"
EndProject
Global
	GlobalSection(SolutionConfigurationPlatforms) = preSolution
		Debug|x86 = Debug|x86
		DebugDedicatedServer|x86 = DebugDedicatedServer|x86
		Release|x86 = Release|x86
	EndGlobalSection
	GlobalSection(ProjectConfigurationPlatforms) = postSolution
		{DC9655D6-D9C0-4837-8A63-B0693EEED4E8}.Debug|x86.ActiveCfg = Release|Win32
		{DC9655D6-D9C0-4837-8A63-B0693EEED4E8}.Debug|x86.Build.0 = Release|Win32
		{DC9655D6-D9C0-4837-8A63-B0693EEED4E8}.DebugDedicatedServer|x86.ActiveCfg = Release|Win32
		{DC9655D6-D9C0-4837-8A63-B0693EEED4E8}.DebugDedicatedServer|x86.Build.0 = Release|Win32
		{DC9655D6-D9C0-4837-8A63-B0693EEED4E8}.Release|x86.ActiveCfg = Release|Win32
		{DC9655D6-D9C0-4837-8A63-B0693EEED4E8}.Release|x86.Build.0 = Release|Win32
		{39E6AF97-6BA3-4A72-8C61-BCEBF214EBFD}.Debug|x86.ActiveCfg = Debug|Win32
		{39E6AF97-6BA3-4A72-8C61-BCEBF214EBFD}.Debug|x86.Build.0 = Debug|Win32
		{39E6AF97-6BA3-4A72-8C61-BCEBF214EBFD}.DebugDedicatedServer|x86.ActiveCfg = Debug|Win32
		{39E6AF97-6BA3-4A72-8C61-BCEBF214EBFD}.DebugDedicatedServer|x86.Build.0 = Debug|Win32
		{39E6AF97-6BA3-4A72-8C61-BCEBF214EBFD}.Release|x86.ActiveCfg = Release|Win32
		{39E6AF97-6BA3-4A72-8C61-BCEBF214EBFD}.Release|x86.Build.0 = Release|Win32
	EndGlobalSection
	GlobalSection(SolutionProperties) = preSolution
		HideSolutionNode = FALSE
	EndGlobalSection
	GlobalSection(ExtensibilityGlobals) = postSolution
		SolutionGuid = {6DAC2B88-E92D-4630-A510-F749F197D188}
	EndGlobalSection
EndGlobal
